
Microsoft Visual Studio Solution File, Format Version 12.00
# Visual Studio Version 16
VisualStudioVersion = 16.0.32413.511
MinimumVisualStudioVersion = 10.0.40219.1
Project("{FAE04EC0-301F-11D3-BF4B-00C04F79EFBC}") = "no list and one for", "no list and one for\no list and one for.csproj", "{9E95A9D6-8AE7-4001-B895-33AC12022A6C}"
EndProject
Global
	GlobalSection(SolutionConfigurationPlatforms) = preSolution
		Debug|Any CPU = Debug|Any CPU
		Release|Any CPU = Release|Any CPU
	EndGlobalSection
	GlobalSection(ProjectConfigurationPlatforms) = postSolution
		{9E95A9D6-8AE7-4001-B895-33AC12022A6C}.Debug|Any CPU.ActiveCfg = Debug|Any CPU
		{9E95A9D6-8AE7-4001-B895-33AC12022A6C}.Debug|Any CPU.Build.0 = Debug|Any CPU
		{9E95A9D6-8AE7-4001-B895-33AC12022A6C}.Release|Any CPU.ActiveCfg = Release|Any CPU
		{9E95A9D6-8AE7-4001-B895-33AC12022A6C}.Release|Any CPU.Build.0 = Release|Any CPU
	EndGlobalSection
	GlobalSection(SolutionProperties) = preSolution
		HideSolutionNode = FALSE
	EndGlobalSection
	GlobalSection(ExtensibilityGlobals) = postSolution
		SolutionGuid = {AA9399D0-1386-4222-8083-1D6BF11DD4F2}
	EndGlobalSection
EndGlobal
